// !$*UTF8*$!
{
	archiveVersion = 1;
	classes = {
	};
	objectVersion = 48;
	objects = {

/* Begin PBXBuildFile section */
		9FF7016920F6F20E002C4539 /* backup.swift in Sources */ = {isa = PBXBuildFile; fileRef = 9FF7016820F6F20E002C4539 /* backup.swift */; };
		9FFEC9DB20F60945004B4B9A /* AppDelegate.swift in Sources */ = {isa = PBXBuildFile; fileRef = 9FFEC9DA20F60945004B4B9A /* AppDelegate.swift */; };
		9FFEC9E220F60945004B4B9A /* Assets.xcassets in Resources */ = {isa = PBXBuildFile; fileRef = 9FFEC9E120F60945004B4B9A /* Assets.xcassets */; };
		9FFEC9E520F60945004B4B9A /* LaunchScreen.storyboard in Resources */ = {isa = PBXBuildFile; fileRef = 9FFEC9E320F60945004B4B9A /* LaunchScreen.storyboard */; };
		9FFEC9EE20F60995004B4B9A /* ViewController.swift in Sources */ = {isa = PBXBuildFile; fileRef = 9FFEC9EC20F60995004B4B9A /* ViewController.swift */; };
		9FFEC9EF20F60995004B4B9A /* ViewController.xib in Resources */ = {isa = PBXBuildFile; fileRef = 9FFEC9ED20F60995004B4B9A /* ViewController.xib */; };
		9FFEC9F120F60AD3004B4B9A /* JKZoomViewsManager.swift in Sources */ = {isa = PBXBuildFile; fileRef = 9FFEC9F020F60AD3004B4B9A /* JKZoomViewsManager.swift */; };
/* End PBXBuildFile section */

/* Begin PBXFileReference section */
		9FF7016820F6F20E002C4539 /* backup.swift */ = {isa = PBXFileReference; lastKnownFileType = sourcecode.swift; path = backup.swift; sourceTree = "<group>"; };
		9FFEC9D720F60945004B4B9A /* ReUseDemo.app */ = {isa = PBXFileReference; explicitFileType = wrapper.application; includeInIndex = 0; path = ReUseDemo.app; sourceTree = BUILT_PRODUCTS_DIR; };
		9FFEC9DA20F60945004B4B9A /* AppDelegate.swift */ = {isa = PBXFileReference; lastKnownFileType = sourcecode.swift; path = AppDelegate.swift; sourceTree = "<group>"; };
		9FFEC9E120F60945004B4B9A /* Assets.xcassets */ = {isa = PBXFileReference; lastKnownFileType = folder.assetcatalog; path = Assets.xcassets; sourceTree = "<group>"; };
		9FFEC9E420F60945004B4B9A /* Base */ = {isa = PBXFileReference; lastKnownFileType = file.storyboard; name = Base; path = Base.lproj/LaunchScreen.storyboard; sourceTree = "<group>"; };
		9FFEC9E620F60945004B4B9A /* Info.plist */ = {isa = PBXFileReference; lastKnownFileType = text.plist.xml; path = Info.plist; sourceTree = "<group>"; };
		9FFEC9EC20F60995004B4B9A /* ViewController.swift */ = {isa = PBXFileReference; lastKnownFileType = sourcecode.swift; path = ViewController.swift; sourceTree = "<group>"; };
		9FFEC9ED20F60995004B4B9A /* ViewController.xib */ = {isa = PBXFileReference; lastKnownFileType = file.xib; path = ViewController.xib; sourceTree = "<group>"; };
		9FFEC9F020F60AD3004B4B9A /* JKZoomViewsManager.swift */ = {isa = PBXFileReference; fileEncoding = 4; lastKnownFileType = sourcecode.swift; path = JKZoomViewsManager.swift; sourceTree = "<group>"; };
/* End PBXFileReference section */

/* Begin PBXFrameworksBuildPhase section */
		9FFEC9D420F60945004B4B9A /* Frameworks */ = {
			isa = PBXFrameworksBuildPhase;
			buildActionMask = 2147483647;
			files = (
			);
			runOnlyForDeploymentPostprocessing = 0;
		};
/* End PBXFrameworksBuildPhase section */

/* Begin PBXGroup section */
		9FFEC9CE20F60945004B4B9A = {
			isa = PBXGroup;
			children = (
				9FFEC9D920F60945004B4B9A /* ReUseDemo */,
				9FFEC9D820F60945004B4B9A /* Products */,
			);
			sourceTree = "<group>";
		};
		9FFEC9D820F60945004B4B9A /* Products */ = {
			isa = PBXGroup;
			children = (
				9FFEC9D720F60945004B4B9A /* ReUseDemo.app */,
			);
			name = Products;
			sourceTree = "<group>";
		};
		9FFEC9D920F60945004B4B9A /* ReUseDemo */ = {
			isa = PBXGroup;
			children = (
				9FFEC9DA20F60945004B4B9A /* AppDelegate.swift */,
				9FFEC9E120F60945004B4B9A /* Assets.xcassets */,
				9FFEC9E320F60945004B4B9A /* LaunchScreen.storyboard */,
				9FFEC9E620F60945004B4B9A /* Info.plist */,
				9FFEC9F020F60AD3004B4B9A /* JKZoomViewsManager.swift */,
				9FFEC9EC20F60995004B4B9A /* ViewController.swift */,
				9FFEC9ED20F60995004B4B9A /* ViewController.xib */,
				9FF7016820F6F20E002C4539 /* backup.swift */,
			);
			path = ReUseDemo;
			sourceTree = "<group>";
		};
/* End PBXGroup section */

/* Begin PBXNativeTarget section */
		9FFEC9D620F60945004B4B9A /* ReUseDemo */ = {
			isa = PBXNativeTarget;
			buildConfigurationList = 9FFEC9E920F60945004B4B9A /* Build configuration list for PBXNativeTarget "ReUseDemo" */;
			buildPhases = (
				9FFEC9D320F60945004B4B9A /* Sources */,
				9FFEC9D420F60945004B4B9A /* Frameworks */,
				9FFEC9D520F60945004B4B9A /* Resources */,
			);
			buildRules = (
			);
			dependencies = (
			);
			name = ReUseDemo;
			productName = ReUseDemo;
			productReference = 9FFEC9D720F60945004B4B9A /* ReUseDemo.app */;
			productType = "com.apple.product-type.application";
		};
/* End PBXNativeTarget section */

/* Begin PBXProject section */
		9FFEC9CF20F60945004B4B9A /* Project object */ = {
			isa = PBXProject;
			attributes = {
				LastSwiftUpdateCheck = 0920;
				LastUpgradeCheck = 0920;
				ORGANIZATIONNAME = Weshare;
				TargetAttributes = {
					9FFEC9D620F60945004B4B9A = {
						CreatedOnToolsVersion = 9.2;
						ProvisioningStyle = Automatic;
					};
				};
			};
			buildConfigurationList = 9FFEC9D220F60945004B4B9A /* Build configuration list for PBXProject "ReUseDemo" */;
			compatibilityVersion = "Xcode 8.0";
			developmentRegion = en;
			hasScannedForEncodings = 0;
			knownRegions = (
				en,
				Base,
			);
			mainGroup = 9FFEC9CE20F60945004B4B9A;
			productRefGroup = 9FFEC9D820F60945004B4B9A /* Products */;
			projectDirPath = "";
			projectRoot = "";
			targets = (
				9FFEC9D620F60945004B4B9A /* ReUseDemo */,
			);
		};
/* End PBXProject section */

/* Begin PBXResourcesBuildPhase section */
		9FFEC9D520F60945004B4B9A /* Resources */ = {
			isa = PBXResourcesBuildPhase;
			buildActionMask = 2147483647;
			files = (
				9FFEC9E520F60945004B4B9A /* LaunchScreen.storyboard in Resources */,
				9FFEC9EF20F60995004B4B9A /* ViewController.xib in Resources */,
				9FFEC9E220F60945004B4B9A /* Assets.xcassets in Resources */,
			);
			runOnlyForDeploymentPostprocessing = 0;
		};
/* End PBXResourcesBuildPhase section */

/* Begin PBXSourcesBuildPhase section */
		9FFEC9D320F60945004B4B9A /* Sources */ = {
			isa = PBXSourcesBuildPhase;
			buildActionMask = 2147483647;
			files = (
				9FFEC9EE20F60995004B4B9A /* ViewController.swift in Sources */,
				9FF7016920F6F20E002C4539 /* backup.swift in Sources */,
				9FFEC9F120F60AD3004B4B9A /* JKZoomViewsManager.swift in Sources */,
				9FFEC9DB20F60945004B4B9A /* AppDelegate.swift in Sources */,
			);
			runOnlyForDeploymentPostprocessing = 0;
		};
/* End PBXSourcesBuildPhase section */

/* Begin PBXVariantGroup section */
		9FFEC9E320F60945004B4B9A /* LaunchScreen.storyboard */ = {
			isa = PBXVariantGroup;
			children = (
				9FFEC9E420F60945004B4B9A /* Base */,
			);
			name = LaunchScreen.storyboard;
			sourceTree = "<group>";
		};
/* End PBXVariantGroup section */

/* Begin XCBuildConfiguration section */
		9FFEC9E720F60945004B4B9A /* Debug */ = {
			isa = XCBuildConfiguration;
			buildSettings = {
				ALWAYS_SEARCH_USER_PATHS = NO;
				CLANG_ANALYZER_NONNULL = YES;
				CLANG_ANALYZER_NUMBER_OBJECT_CONVERSION = YES_AGGRESSIVE;
				CLANG_CXX_LANGUAGE_STANDARD = "gnu++14";
				CLANG_CXX_LIBRARY = "libc++";
				CLANG_ENABLE_MODULES = YES;
				CLANG_ENABLE_OBJC_ARC = YES;
				CLANG_WARN_BLOCK_CAPTURE_AUTORELEASING = YES;
				CLANG_WARN_BOOL_CONVERSION = YES;
				CLANG_WARN_COMMA = YES;
				CLANG_WARN_CONSTANT_CONVERSION = YES;
				CLANG_WARN_DIRECT_OBJC_ISA_USAGE = YES_ERROR;
				CLANG_WARN_DOCUMENTATION_COMMENTS = YES;
				CLANG_WARN_EMPTY_BODY = YES;
				CLANG_WARN_ENUM_CONVERSION = YES;
				CLANG_WARN_INFINITE_RECURSION = YES;
				CLANG_WARN_INT_CONVERSION = YES;
				CLANG_WARN_NON_LITERAL_NULL_CONVERSION = YES;
				CLANG_WARN_OBJC_LITERAL_CONVERSION = YES;
				CLANG_WARN_OBJC_ROOT_CLASS = YES_ERROR;
				CLANG_WARN_RANGE_LOOP_ANALYSIS = YES;
				CLANG_WARN_STRICT_PROTOTYPES = YES;
				CLANG_WARN_SUSPICIOUS_MOVE = YES;
				CLANG_WARN_UNGUARDED_AVAILABILITY = YES_AGGRESSIVE;
				CLANG_WARN_UNREACHABLE_CODE = YES;
				CLANG_WARN__DUPLICATE_METHOD_MATCH = YES;
				CODE_SIGN_IDENTITY = "iPhone Developer";
				COPY_PHASE_STRIP = NO;
				DEBUG_INFORMATION_FORMAT = dwarf;
				ENABLE_STRICT_OBJC_MSGSEND = YES;
				ENABLE_TESTABILITY = YES;
				GCC_C_LANGUAGE_STANDARD = gnu11;
				GCC_DYNAMIC_NO_PIC = NO;
				GCC_NO_COMMON_BLOCKS = YES;
				GCC_OPTIMIZATION_LEVEL = 0;
				GCC_PREPROCESSOR_DEFINITIONS = (
					"DEBUG=1",
					"$(inherited)",
				);
				GCC_WARN_64_TO_32_BIT_CONVERSION = YES;
				GCC_WARN_ABOUT_RETURN_TYPE = YES_ERROR;
				GCC_WARN_UNDECLARED_SELECTOR = YES;
				GCC_WARN_UNINITIALIZED_AUTOS = YES_AGGRESSIVE;
				GCC_WARN_UNUSED_FUNCTION = YES;
				GCC_WARN_UNUSED_VARIABLE = YES;
				IPHONEOS_DEPLOYMENT_TARGET = 11.2;
				MTL_ENABLE_DEBUG_INFO = YES;
				ONLY_ACTIVE_ARCH = YES;
				SDKROOT = iphoneos;
				SWIFT_ACTIVE_COMPILATION_CONDITIONS = DEBUG;
				SWIFT_OPTIMIZATION_LEVEL = "-Onone";
			};
			name = Debug;
		};
		9FFEC9E820F60945004B4B9A /* Release */ = {
			isa = XCBuildConfiguration;
			buildSettings = {
				ALWAYS_SEARCH_USER_PATHS = NO;
				CLANG_ANALYZER_NONNULL = YES;
				CLANG_ANALYZER_NUMBER_OBJECT_CONVERSION = YES_AGGRESSIVE;
				CLANG_CXX_LANGUAGE_STANDARD = "gnu++14";
				CLANG_CXX_LIBRARY = "libc++";
				CLANG_ENABLE_MODULES = YES;
				CLANG_ENABLE_OBJC_ARC = YES;
				CLANG_WARN_BLOCK_CAPTURE_AUTORELEASING = YES;
				CLANG_WARN_BOOL_CONVERSION = YES;
				CLANG_WARN_COMMA = YES;
				CLANG_WARN_CONSTANT_CONVERSION = YES;
				CLANG_WARN_DIRECT_OBJC_ISA_USAGE = YES_ERROR;
				CLANG_WARN_DOCUMENTATION_COMMENTS = YES;
				CLANG_WARN_EMPTY_BODY = YES;
				CLANG_WARN_ENUM_CONVERSION = YES;
				CLANG_WARN_INFINITE_RECURSION = YES;
				CLANG_WARN_INT_CONVERSION = YES;
				CLANG_WARN_NON_LITERAL_NULL_CONVERSION = YES;
				CLANG_WARN_OBJC_LITERAL_CONVERSION = YES;
				CLANG_WARN_OBJC_ROOT_CLASS = YES_ERROR;
				CLANG_WARN_RANGE_LOOP_ANALYSIS = YES;
				CLANG_WARN_STRICT_PROTOTYPES = YES;
				CLANG_WARN_SUSPICIOUS_MOVE = YES;
				CLANG_WARN_UNGUARDED_AVAILABILITY = YES_AGGRESSIVE;
				CLANG_WARN_UNREACHABLE_CODE = YES;
				CLANG_WARN__DUPLICATE_METHOD_MATCH = YES;
				CODE_SIGN_IDENTITY = "iPhone Developer";
				COPY_PHASE_STRIP = NO;
				DEBUG_INFORMATION_FORMAT = "dwarf-with-dsym";
				ENABLE_NS_ASSERTIONS = NO;
				ENABLE_STRICT_OBJC_MSGSEND = YES;
				GCC_C_LANGUAGE_STANDARD = gnu11;
				GCC_NO_COMMON_BLOCKS = YES;
				GCC_WARN_64_TO_32_BIT_CONVERSION = YES;
				GCC_WARN_ABOUT_RETURN_TYPE = YES_ERROR;
				GCC_WARN_UNDECLARED_SELECTOR = YES;
				GCC_WARN_UNINITIALIZED_AUTOS = YES_AGGRESSIVE;
				GCC_WARN_UNUSED_FUNCTION = YES;
				GCC_WARN_UNUSED_VARIABLE = YES;
				IPHONEOS_DEPLOYMENT_TARGET = 11.2;
				MTL_ENABLE_DEBUG_INFO = NO;
				SDKROOT = iphoneos;
				SWIFT_OPTIMIZATION_LEVEL = "-Owholemodule";
				VALIDATE_PRODUCT = YES;
			};
			name = Release;
		};
		9FFEC9EA20F60945004B4B9A /* Debug */ = {
			isa = XCBuildConfiguration;
			buildSettings = {
				ASSETCATALOG_COMPILER_APPICON_NAME = AppIcon;
				CODE_SIGN_STYLE = Automatic;
				DEVELOPMENT_TEAM = 9SR34G3GQL;
				INFOPLIST_FILE = ReUseDemo/Info.plist;
				LD_RUNPATH_SEARCH_PATHS = "$(inherited) @executable_path/Frameworks";
				PRODUCT_BUNDLE_IDENTIFIER = Weshare.ReUseDemo;
				PRODUCT_NAME = "$(TARGET_NAME)";
				SWIFT_VERSION = 4.0;
				TARGETED_DEVICE_FAMILY = "1,2";
			};
			name = Debug;
		};
		9FFEC9EB20F60945004B4B9A /* Release */ = {
			isa = XCBuildConfiguration;
			buildSettings = {
				ASSETCATALOG_COMPILER_APPICON_NAME = AppIcon;
				CODE_SIGN_STYLE = Automatic;
				DEVELOPMENT_TEAM = 9SR34G3GQL;
				INFOPLIST_FILE = ReUseDemo/Info.plist;
				LD_RUNPATH_SEARCH_PATHS = "$(inherited) @executable_path/Frameworks";
				PRODUCT_BUNDLE_IDENTIFIER = Weshare.ReUseDemo;
				PRODUCT_NAME = "$(TARGET_NAME)";
				SWIFT_VERSION = 4.0;
				TARGETED_DEVICE_FAMILY = "1,2";
			};
			name = Release;
		};
/* End XCBuildConfiguration section */

/* Begin XCConfigurationList section */
		9FFEC9D220F60945004B4B9A /* Build configuration list for PBXProject "ReUseDemo" */ = {
			isa = XCConfigurationList;
			buildConfigurations = (
				9FFEC9E720F60945004B4B9A /* Debug */,
				9FFEC9E820F60945004B4B9A /* Release */,
			);
			defaultConfigurationIsVisible = 0;
			defaultConfigurationName = Release;
		};
		9FFEC9E920F60945004B4B9A /* Build configuration list for PBXNativeTarget "ReUseDemo" */ = {
			isa = XCConfigurationList;
			buildConfigurations = (
				9FFEC9EA20F60945004B4B9A /* Debug */,
				9FFEC9EB20F60945004B4B9A /* Release */,
			);
			defaultConfigurationIsVisible = 0;
			defaultConfigurationName = Release;
		};
/* End XCConfigurationList section */
	};
	rootObject = 9FFEC9CF20F60945004B4B9A /* Project object */;
}
